
Microsoft Visual Studio Solution File, Format Version 12.00
# Visual Studio Version 17
VisualStudioVersion = 17.8.34511.84
MinimumVisualStudioVersion = 10.0.40219.1
Project("{FAE04EC0-301F-11D3-BF4B-00C04F79EFBC}") = "CSharpLab", "CSharpLab\CSharpLab.csproj", "{0B8B35D4-7B51-4B3B-8469-22EB2419D160}"
EndProject
Global
	GlobalSection(SolutionConfigurationPlatforms) = preSolution
		Debug|Any CPU = Debug|Any CPU
		Release|Any CPU = Release|Any CPU
	EndGlobalSection
	GlobalSection(ProjectConfigurationPlatforms) = postSolution
		{0B8B35D4-7B51-4B3B-8469-22EB2419D160}.Debug|Any CPU.ActiveCfg = Debug|Any CPU
		{0B8B35D4-7B51-4B3B-8469-22EB2419D160}.Debug|Any CPU.Build.0 = Debug|Any CPU
		{0B8B35D4-7B51-4B3B-8469-22EB2419D160}.Release|Any CPU.ActiveCfg = Release|Any CPU
		{0B8B35D4-7B51-4B3B-8469-22EB2419D160}.Release|Any CPU.Build.0 = Release|Any CPU
	EndGlobalSection
	GlobalSection(SolutionProperties) = preSolution
		HideSolutionNode = FALSE
	EndGlobalSection
	GlobalSection(ExtensibilityGlobals) = postSolution
		SolutionGuid = {A59F5556-F827-4F46-A8C5-D82ACE9CA866}
	EndGlobalSection
EndGlobal
